
Microsoft Visual Studio Solution File, Format Version 12.00
# Visual Studio Version 17
VisualStudioVersion = 17.4.33205.214
MinimumVisualStudioVersion = 10.0.40219.1
Project("{FAE04EC0-301F-11D3-BF4B-00C04F79EFBC}") = "WebApp", "WebApp\WebApp.csproj", "{F718DE62-DC76-4C0E-A1AD-7DE066D79090}"
EndProject
Global
	GlobalSection(SolutionConfigurationPlatforms) = preSolution
		Debug|Any CPU = Debug|Any CPU
		Release|Any CPU = Release|Any CPU
	EndGlobalSection
	GlobalSection(ProjectConfigurationPlatforms) = postSolution
		{F718DE62-DC76-4C0E-A1AD-7DE066D79090}.Debug|Any CPU.ActiveCfg = Debug|Any CPU
		{F718DE62-DC76-4C0E-A1AD-7DE066D79090}.Debug|Any CPU.Build.0 = Debug|Any CPU
		{F718DE62-DC76-4C0E-A1AD-7DE066D79090}.Release|Any CPU.ActiveCfg = Release|Any CPU
		{F718DE62-DC76-4C0E-A1AD-7DE066D79090}.Release|Any CPU.Build.0 = Release|Any CPU
	EndGlobalSection
	GlobalSection(SolutionProperties) = preSolution
		HideSolutionNode = FALSE
	EndGlobalSection
	GlobalSection(ExtensibilityGlobals) = postSolution
		SolutionGuid = {8C03CE2F-8FA0-49BB-BBA4-2FF2581E21CB}
	EndGlobalSection
EndGlobal
